{
  "name": "Derek-API",
  "lockfileVersion": 3,
  "requires": true,
  "packages": {
    "": {
      "dependencies": {
        "http-js": "github:Lyall-A/HTTP-JS"
      }
    },
    "node_modules/http-js": {
      "version": "1.0.0",
      "resolved": "git+ssh://git@github.com/Lyall-A/HTTP-JS.git#5d7f83a0c1e012c633f3322c7322ea448018f939",
      "license": "ISC"
    }
  }
}
